// !$*UTF8*$!
{
	archiveVersion = 1;
	classes = {
	};
	objectVersion = 77;
	objects = {

/* Begin PBXBuildFile section */
		4933F6732CCE451000CD509F /* WidgetKit.framework in Frameworks */ = {isa = PBXBuildFile; fileRef = 4933F6722CCE451000CD509F /* WidgetKit.framework */; };
		4933F6752CCE451000CD509F /* SwiftUI.framework in Frameworks */ = {isa = PBXBuildFile; fileRef = 4933F6742CCE451000CD509F /* SwiftUI.framework */; };
		4933F6822CCE451100CD509F /* MoodDisplayWidgetExtension.appex in Embed Foundation Extensions */ = {isa = PBXBuildFile; fileRef = 4933F6702CCE451000CD509F /* MoodDisplayWidgetExtension.appex */; settings = {ATTRIBUTES = (RemoveHeadersOnCopy, ); }; };
		CB61DA882CC51D3F004B5FF2 /* FirebaseAuth in Frameworks */ = {isa = PBXBuildFile; productRef = CB61DA872CC51D3F004B5FF2 /* FirebaseAuth */; };
		CB61DA8A2CC51D3F004B5FF2 /* FirebaseFirestore in Frameworks */ = {isa = PBXBuildFile; productRef = CB61DA892CC51D3F004B5FF2 /* FirebaseFirestore */; };
		CBC8B3BF2CCA661100FA56C6 /* Lottie in Frameworks */ = {isa = PBXBuildFile; productRef = CBC8B3BE2CCA661100FA56C6 /* Lottie */; };
/* End PBXBuildFile section */

/* Begin PBXContainerItemProxy section */
		4933F6802CCE451100CD509F /* PBXContainerItemProxy */ = {
			isa = PBXContainerItemProxy;
			containerPortal = CBA85FFD2CBF5D8700842017 /* Project object */;
			proxyType = 1;
			remoteGlobalIDString = 4933F66F2CCE451000CD509F;
			remoteInfo = MoodDisplayWidgetExtension;
		};
/* End PBXContainerItemProxy section */

/* Begin PBXCopyFilesBuildPhase section */
		4933F6872CCE451100CD509F /* Embed Foundation Extensions */ = {
			isa = PBXCopyFilesBuildPhase;
			buildActionMask = 2147483647;
			dstPath = "";
			dstSubfolderSpec = 13;
			files = (
				4933F6822CCE451100CD509F /* MoodDisplayWidgetExtension.appex in Embed Foundation Extensions */,
			);
			name = "Embed Foundation Extensions";
			runOnlyForDeploymentPostprocessing = 0;
		};
/* End PBXCopyFilesBuildPhase section */

/* Begin PBXFileReference section */
		4933F6702CCE451000CD509F /* MoodDisplayWidgetExtension.appex */ = {isa = PBXFileReference; explicitFileType = "wrapper.app-extension"; includeInIndex = 0; path = MoodDisplayWidgetExtension.appex; sourceTree = BUILT_PRODUCTS_DIR; };
		4933F6722CCE451000CD509F /* WidgetKit.framework */ = {isa = PBXFileReference; lastKnownFileType = wrapper.framework; name = WidgetKit.framework; path = System/Library/Frameworks/WidgetKit.framework; sourceTree = SDKROOT; };
		4933F6742CCE451000CD509F /* SwiftUI.framework */ = {isa = PBXFileReference; lastKnownFileType = wrapper.framework; name = SwiftUI.framework; path = System/Library/Frameworks/SwiftUI.framework; sourceTree = SDKROOT; };
		4933F6892CCE462300CD509F /* MoodDisplayWidgetExtension.entitlements */ = {isa = PBXFileReference; lastKnownFileType = text.plist.entitlements; path = MoodDisplayWidgetExtension.entitlements; sourceTree = "<group>"; };
		CBA860052CBF5D8700842017 /* Cheerify.app */ = {isa = PBXFileReference; explicitFileType = wrapper.application; includeInIndex = 0; path = Cheerify.app; sourceTree = BUILT_PRODUCTS_DIR; };
/* End PBXFileReference section */

/* Begin PBXFileSystemSynchronizedBuildFileExceptionSet section */
		4933F6862CCE451100CD509F /* Exceptions for "MoodDisplayWidget" folder in "MoodDisplayWidgetExtension" target */ = {
			isa = PBXFileSystemSynchronizedBuildFileExceptionSet;
			membershipExceptions = (
				Info.plist,
			);
			target = 4933F66F2CCE451000CD509F /* MoodDisplayWidgetExtension */;
		};
		4933F68B2CCE464D00CD509F /* Exceptions for "Cheerify" folder in "MoodDisplayWidgetExtension" target */ = {
			isa = PBXFileSystemSynchronizedBuildFileExceptionSet;
			membershipExceptions = (
				CoreData/MoodCoreData.xcdatamodeld,
				CoreData/Persistence.swift,
			);
			target = 4933F66F2CCE451000CD509F /* MoodDisplayWidgetExtension */;
		};
		495CB5322CCA1DE5005AC7B5 /* Exceptions for "Cheerify" folder in "Cheerify" target */ = {
			isa = PBXFileSystemSynchronizedBuildFileExceptionSet;
			membershipExceptions = (
				Info.plist,
			);
			target = CBA860042CBF5D8700842017 /* Cheerify */;
		};
/* End PBXFileSystemSynchronizedBuildFileExceptionSet section */

/* Begin PBXFileSystemSynchronizedRootGroup section */
		4933F6762CCE451000CD509F /* MoodDisplayWidget */ = {
			isa = PBXFileSystemSynchronizedRootGroup;
			exceptions = (
				4933F6862CCE451100CD509F /* Exceptions for "MoodDisplayWidget" folder in "MoodDisplayWidgetExtension" target */,
			);
			path = MoodDisplayWidget;
			sourceTree = "<group>";
		};
		CBA860072CBF5D8700842017 /* Cheerify */ = {
			isa = PBXFileSystemSynchronizedRootGroup;
			exceptions = (
				495CB5322CCA1DE5005AC7B5 /* Exceptions for "Cheerify" folder in "Cheerify" target */,
				4933F68B2CCE464D00CD509F /* Exceptions for "Cheerify" folder in "MoodDisplayWidgetExtension" target */,
			);
			path = Cheerify;
			sourceTree = "<group>";
		};
/* End PBXFileSystemSynchronizedRootGroup section */

/* Begin PBXFrameworksBuildPhase section */
		4933F66D2CCE451000CD509F /* Frameworks */ = {
			isa = PBXFrameworksBuildPhase;
			buildActionMask = 2147483647;
			files = (
				4933F6752CCE451000CD509F /* SwiftUI.framework in Frameworks */,
				4933F6732CCE451000CD509F /* WidgetKit.framework in Frameworks */,
			);
			runOnlyForDeploymentPostprocessing = 0;
		};
		CBA860022CBF5D8700842017 /* Frameworks */ = {
			isa = PBXFrameworksBuildPhase;
			buildActionMask = 2147483647;
			files = (
				CB61DA882CC51D3F004B5FF2 /* FirebaseAuth in Frameworks */,
				CB61DA8A2CC51D3F004B5FF2 /* FirebaseFirestore in Frameworks */,
				CBC8B3BF2CCA661100FA56C6 /* Lottie in Frameworks */,
			);
			runOnlyForDeploymentPostprocessing = 0;
		};
/* End PBXFrameworksBuildPhase section */

/* Begin PBXGroup section */
		4933F6712CCE451000CD509F /* Frameworks */ = {
			isa = PBXGroup;
			children = (
				4933F6722CCE451000CD509F /* WidgetKit.framework */,
				4933F6742CCE451000CD509F /* SwiftUI.framework */,
			);
			name = Frameworks;
			sourceTree = "<group>";
		};
		CBA85FFC2CBF5D8700842017 = {
			isa = PBXGroup;
			children = (
				4933F6892CCE462300CD509F /* MoodDisplayWidgetExtension.entitlements */,
				CBA860072CBF5D8700842017 /* Cheerify */,
				4933F6762CCE451000CD509F /* MoodDisplayWidget */,
				4933F6712CCE451000CD509F /* Frameworks */,
				CBA860062CBF5D8700842017 /* Products */,
			);
			sourceTree = "<group>";
		};
		CBA860062CBF5D8700842017 /* Products */ = {
			isa = PBXGroup;
			children = (
				CBA860052CBF5D8700842017 /* Cheerify.app */,
				4933F6702CCE451000CD509F /* MoodDisplayWidgetExtension.appex */,
			);
			name = Products;
			sourceTree = "<group>";
		};
/* End PBXGroup section */

/* Begin PBXNativeTarget section */
		4933F66F2CCE451000CD509F /* MoodDisplayWidgetExtension */ = {
			isa = PBXNativeTarget;
			buildConfigurationList = 4933F6832CCE451100CD509F /* Build configuration list for PBXNativeTarget "MoodDisplayWidgetExtension" */;
			buildPhases = (
				4933F66C2CCE451000CD509F /* Sources */,
				4933F66D2CCE451000CD509F /* Frameworks */,
				4933F66E2CCE451000CD509F /* Resources */,
			);
			buildRules = (
			);
			dependencies = (
			);
			fileSystemSynchronizedGroups = (
				4933F6762CCE451000CD509F /* MoodDisplayWidget */,
			);
			name = MoodDisplayWidgetExtension;
			packageProductDependencies = (
			);
			productName = MoodDisplayWidgetExtension;
			productReference = 4933F6702CCE451000CD509F /* MoodDisplayWidgetExtension.appex */;
			productType = "com.apple.product-type.app-extension";
		};
		CBA860042CBF5D8700842017 /* Cheerify */ = {
			isa = PBXNativeTarget;
			buildConfigurationList = CBA860132CBF5D8800842017 /* Build configuration list for PBXNativeTarget "Cheerify" */;
			buildPhases = (
				CBA860012CBF5D8700842017 /* Sources */,
				CBA860022CBF5D8700842017 /* Frameworks */,
				CBA860032CBF5D8700842017 /* Resources */,
				4933F6872CCE451100CD509F /* Embed Foundation Extensions */,
			);
			buildRules = (
			);
			dependencies = (
				4933F6812CCE451100CD509F /* PBXTargetDependency */,
			);
			fileSystemSynchronizedGroups = (
				CBA860072CBF5D8700842017 /* Cheerify */,
			);
			name = Cheerify;
			packageProductDependencies = (
				CB61DA872CC51D3F004B5FF2 /* FirebaseAuth */,
				CB61DA892CC51D3F004B5FF2 /* FirebaseFirestore */,
				CBC8B3BE2CCA661100FA56C6 /* Lottie */,
			);
			productName = Cheerify;
			productReference = CBA860052CBF5D8700842017 /* Cheerify.app */;
			productType = "com.apple.product-type.application";
		};
/* End PBXNativeTarget section */

/* Begin PBXProject section */
		CBA85FFD2CBF5D8700842017 /* Project object */ = {
			isa = PBXProject;
			attributes = {
				BuildIndependentTargetsInParallel = 1;
				LastSwiftUpdateCheck = 1600;
				LastUpgradeCheck = 1600;
				TargetAttributes = {
					4933F66F2CCE451000CD509F = {
						CreatedOnToolsVersion = 16.0;
					};
					CBA860042CBF5D8700842017 = {
						CreatedOnToolsVersion = 16.0;
					};
				};
			};
			buildConfigurationList = CBA860002CBF5D8700842017 /* Build configuration list for PBXProject "Cheerify" */;
			developmentRegion = en;
			hasScannedForEncodings = 0;
			knownRegions = (
				en,
				Base,
			);
			mainGroup = CBA85FFC2CBF5D8700842017;
			minimizedProjectReferenceProxies = 1;
			packageReferences = (
				CB61DA862CC51D3F004B5FF2 /* XCRemoteSwiftPackageReference "firebase-ios-sdk" */,
				CBC8B3BD2CCA661100FA56C6 /* XCRemoteSwiftPackageReference "lottie-ios" */,
			);
			preferredProjectObjectVersion = 77;
			productRefGroup = CBA860062CBF5D8700842017 /* Products */;
			projectDirPath = "";
			projectRoot = "";
			targets = (
				CBA860042CBF5D8700842017 /* Cheerify */,
				4933F66F2CCE451000CD509F /* MoodDisplayWidgetExtension */,
			);
		};
/* End PBXProject section */

/* Begin PBXResourcesBuildPhase section */
		4933F66E2CCE451000CD509F /* Resources */ = {
			isa = PBXResourcesBuildPhase;
			buildActionMask = 2147483647;
			files = (
			);
			runOnlyForDeploymentPostprocessing = 0;
		};
		CBA860032CBF5D8700842017 /* Resources */ = {
			isa = PBXResourcesBuildPhase;
			buildActionMask = 2147483647;
			files = (
			);
			runOnlyForDeploymentPostprocessing = 0;
		};
/* End PBXResourcesBuildPhase section */

/* Begin PBXSourcesBuildPhase section */
		4933F66C2CCE451000CD509F /* Sources */ = {
			isa = PBXSourcesBuildPhase;
			buildActionMask = 2147483647;
			files = (
			);
			runOnlyForDeploymentPostprocessing = 0;
		};
		CBA860012CBF5D8700842017 /* Sources */ = {
			isa = PBXSourcesBuildPhase;
			buildActionMask = 2147483647;
			files = (
			);
			runOnlyForDeploymentPostprocessing = 0;
		};
/* End PBXSourcesBuildPhase section */

/* Begin PBXTargetDependency section */
		4933F6812CCE451100CD509F /* PBXTargetDependency */ = {
			isa = PBXTargetDependency;
			target = 4933F66F2CCE451000CD509F /* MoodDisplayWidgetExtension */;
			targetProxy = 4933F6802CCE451100CD509F /* PBXContainerItemProxy */;
		};
/* End PBXTargetDependency section */

/* Begin XCBuildConfiguration section */
		4933F6842CCE451100CD509F /* Debug */ = {
			isa = XCBuildConfiguration;
			buildSettings = {
				ASSETCATALOG_COMPILER_GLOBAL_ACCENT_COLOR_NAME = AccentColor;
				ASSETCATALOG_COMPILER_WIDGET_BACKGROUND_COLOR_NAME = WidgetBackground;
				CODE_SIGN_ENTITLEMENTS = MoodDisplayWidgetExtension.entitlements;
				CODE_SIGN_STYLE = Automatic;
				CURRENT_PROJECT_VERSION = 1;
				DEVELOPMENT_TEAM = JU6K3J62Y7;
				GENERATE_INFOPLIST_FILE = YES;
				INFOPLIST_FILE = MoodDisplayWidget/Info.plist;
				INFOPLIST_KEY_CFBundleDisplayName = MoodDisplayWidget;
				INFOPLIST_KEY_NSHumanReadableCopyright = "";
				LD_RUNPATH_SEARCH_PATHS = (
					"$(inherited)",
					"@executable_path/Frameworks",
					"@executable_path/../../Frameworks",
				);
				MARKETING_VERSION = 1.0;
				PRODUCT_BUNDLE_IDENTIFIER = au.edu.utss.Cheerify.MoodDisplayWidget;
				PRODUCT_NAME = "$(TARGET_NAME)";
				SKIP_INSTALL = YES;
				SWIFT_EMIT_LOC_STRINGS = YES;
				SWIFT_VERSION = 5.0;
				TARGETED_DEVICE_FAMILY = "1,2";
			};
			name = Debug;
		};
		4933F6852CCE451100CD509F /* Release */ = {
			isa = XCBuildConfiguration;
			buildSettings = {
				ASSETCATALOG_COMPILER_GLOBAL_ACCENT_COLOR_NAME = AccentColor;
				ASSETCATALOG_COMPILER_WIDGET_BACKGROUND_COLOR_NAME = WidgetBackground;
				CODE_SIGN_ENTITLEMENTS = MoodDisplayWidgetExtension.entitlements;
				CODE_SIGN_STYLE = Automatic;
				CURRENT_PROJECT_VERSION = 1;
				DEVELOPMENT_TEAM = JU6K3J62Y7;
				GENERATE_INFOPLIST_FILE = YES;
				INFOPLIST_FILE = MoodDisplayWidget/Info.plist;
				INFOPLIST_KEY_CFBundleDisplayName = MoodDisplayWidget;
				INFOPLIST_KEY_NSHumanReadableCopyright = "";
				LD_RUNPATH_SEARCH_PATHS = (
					"$(inherited)",
					"@executable_path/Frameworks",
					"@executable_path/../../Frameworks",
				);
				MARKETING_VERSION = 1.0;
				PRODUCT_BUNDLE_IDENTIFIER = au.edu.utss.Cheerify.MoodDisplayWidget;
				PRODUCT_NAME = "$(TARGET_NAME)";
				SKIP_INSTALL = YES;
				SWIFT_EMIT_LOC_STRINGS = YES;
				SWIFT_VERSION = 5.0;
				TARGETED_DEVICE_FAMILY = "1,2";
			};
			name = Release;
		};
		CBA860112CBF5D8800842017 /* Debug */ = {
			isa = XCBuildConfiguration;
			buildSettings = {
				ALWAYS_SEARCH_USER_PATHS = NO;
				ASSETCATALOG_COMPILER_GENERATE_SWIFT_ASSET_SYMBOL_EXTENSIONS = YES;
				CLANG_ANALYZER_NONNULL = YES;
				CLANG_ANALYZER_NUMBER_OBJECT_CONVERSION = YES_AGGRESSIVE;
				CLANG_CXX_LANGUAGE_STANDARD = "gnu++20";
				CLANG_ENABLE_MODULES = YES;
				CLANG_ENABLE_OBJC_ARC = YES;
				CLANG_ENABLE_OBJC_WEAK = YES;
				CLANG_WARN_BLOCK_CAPTURE_AUTORELEASING = YES;
				CLANG_WARN_BOOL_CONVERSION = YES;
				CLANG_WARN_COMMA = YES;
				CLANG_WARN_CONSTANT_CONVERSION = YES;
				CLANG_WARN_DEPRECATED_OBJC_IMPLEMENTATIONS = YES;
				CLANG_WARN_DIRECT_OBJC_ISA_USAGE = YES_ERROR;
				CLANG_WARN_DOCUMENTATION_COMMENTS = YES;
				CLANG_WARN_EMPTY_BODY = YES;
				CLANG_WARN_ENUM_CONVERSION = YES;
				CLANG_WARN_INFINITE_RECURSION = YES;
				CLANG_WARN_INT_CONVERSION = YES;
				CLANG_WARN_NON_LITERAL_NULL_CONVERSION = YES;
				CLANG_WARN_OBJC_IMPLICIT_RETAIN_SELF = YES;
				CLANG_WARN_OBJC_LITERAL_CONVERSION = YES;
				CLANG_WARN_OBJC_ROOT_CLASS = YES_ERROR;
				CLANG_WARN_QUOTED_INCLUDE_IN_FRAMEWORK_HEADER = YES;
				CLANG_WARN_RANGE_LOOP_ANALYSIS = YES;
				CLANG_WARN_STRICT_PROTOTYPES = YES;
				CLANG_WARN_SUSPICIOUS_MOVE = YES;
				CLANG_WARN_UNGUARDED_AVAILABILITY = YES_AGGRESSIVE;
				CLANG_WARN_UNREACHABLE_CODE = YES;
				CLANG_WARN__DUPLICATE_METHOD_MATCH = YES;
				COPY_PHASE_STRIP = NO;
				DEBUG_INFORMATION_FORMAT = dwarf;
				ENABLE_STRICT_OBJC_MSGSEND = YES;
				ENABLE_TESTABILITY = YES;
				ENABLE_USER_SCRIPT_SANDBOXING = YES;
				GCC_C_LANGUAGE_STANDARD = gnu17;
				GCC_DYNAMIC_NO_PIC = NO;
				GCC_NO_COMMON_BLOCKS = YES;
				GCC_OPTIMIZATION_LEVEL = 0;
				GCC_PREPROCESSOR_DEFINITIONS = (
					"DEBUG=1",
					"$(inherited)",
				);
				GCC_WARN_64_TO_32_BIT_CONVERSION = YES;
				GCC_WARN_ABOUT_RETURN_TYPE = YES_ERROR;
				GCC_WARN_UNDECLARED_SELECTOR = YES;
				GCC_WARN_UNINITIALIZED_AUTOS = YES_AGGRESSIVE;
				GCC_WARN_UNUSED_FUNCTION = YES;
				GCC_WARN_UNUSED_VARIABLE = YES;
				IPHONEOS_DEPLOYMENT_TARGET = 18.0;
				LOCALIZATION_PREFERS_STRING_CATALOGS = YES;
				MTL_ENABLE_DEBUG_INFO = INCLUDE_SOURCE;
				MTL_FAST_MATH = YES;
				ONLY_ACTIVE_ARCH = YES;
				SDKROOT = iphoneos;
				SWIFT_ACTIVE_COMPILATION_CONDITIONS = "DEBUG $(inherited)";
				SWIFT_OPTIMIZATION_LEVEL = "-Onone";
			};
			name = Debug;
		};
		CBA860122CBF5D8800842017 /* Release */ = {
			isa = XCBuildConfiguration;
			buildSettings = {
				ALWAYS_SEARCH_USER_PATHS = NO;
				ASSETCATALOG_COMPILER_GENERATE_SWIFT_ASSET_SYMBOL_EXTENSIONS = YES;
				CLANG_ANALYZER_NONNULL = YES;
				CLANG_ANALYZER_NUMBER_OBJECT_CONVERSION = YES_AGGRESSIVE;
				CLANG_CXX_LANGUAGE_STANDARD = "gnu++20";
				CLANG_ENABLE_MODULES = YES;
				CLANG_ENABLE_OBJC_ARC = YES;
				CLANG_ENABLE_OBJC_WEAK = YES;
				CLANG_WARN_BLOCK_CAPTURE_AUTORELEASING = YES;
				CLANG_WARN_BOOL_CONVERSION = YES;
				CLANG_WARN_COMMA = YES;
				CLANG_WARN_CONSTANT_CONVERSION = YES;
				CLANG_WARN_DEPRECATED_OBJC_IMPLEMENTATIONS = YES;
				CLANG_WARN_DIRECT_OBJC_ISA_USAGE = YES_ERROR;
				CLANG_WARN_DOCUMENTATION_COMMENTS = YES;
				CLANG_WARN_EMPTY_BODY = YES;
				CLANG_WARN_ENUM_CONVERSION = YES;
				CLANG_WARN_INFINITE_RECURSION = YES;
				CLANG_WARN_INT_CONVERSION = YES;
				CLANG_WARN_NON_LITERAL_NULL_CONVERSION = YES;
				CLANG_WARN_OBJC_IMPLICIT_RETAIN_SELF = YES;
				CLANG_WARN_OBJC_LITERAL_CONVERSION = YES;
				CLANG_WARN_OBJC_ROOT_CLASS = YES_ERROR;
				CLANG_WARN_QUOTED_INCLUDE_IN_FRAMEWORK_HEADER = YES;
				CLANG_WARN_RANGE_LOOP_ANALYSIS = YES;
				CLANG_WARN_STRICT_PROTOTYPES = YES;
				CLANG_WARN_SUSPICIOUS_MOVE = YES;
				CLANG_WARN_UNGUARDED_AVAILABILITY = YES_AGGRESSIVE;
				CLANG_WARN_UNREACHABLE_CODE = YES;
				CLANG_WARN__DUPLICATE_METHOD_MATCH = YES;
				COPY_PHASE_STRIP = NO;
				DEBUG_INFORMATION_FORMAT = "dwarf-with-dsym";
				ENABLE_NS_ASSERTIONS = NO;
				ENABLE_STRICT_OBJC_MSGSEND = YES;
				ENABLE_USER_SCRIPT_SANDBOXING = YES;
				GCC_C_LANGUAGE_STANDARD = gnu17;
				GCC_NO_COMMON_BLOCKS = YES;
				GCC_WARN_64_TO_32_BIT_CONVERSION = YES;
				GCC_WARN_ABOUT_RETURN_TYPE = YES_ERROR;
				GCC_WARN_UNDECLARED_SELECTOR = YES;
				GCC_WARN_UNINITIALIZED_AUTOS = YES_AGGRESSIVE;
				GCC_WARN_UNUSED_FUNCTION = YES;
				GCC_WARN_UNUSED_VARIABLE = YES;
				IPHONEOS_DEPLOYMENT_TARGET = 18.0;
				LOCALIZATION_PREFERS_STRING_CATALOGS = YES;
				MTL_ENABLE_DEBUG_INFO = NO;
				MTL_FAST_MATH = YES;
				SDKROOT = iphoneos;
				SWIFT_COMPILATION_MODE = wholemodule;
				VALIDATE_PRODUCT = YES;
			};
			name = Release;
		};
		CBA860142CBF5D8800842017 /* Debug */ = {
			isa = XCBuildConfiguration;
			buildSettings = {
				ASSETCATALOG_COMPILER_APPICON_NAME = AppIcon;
				ASSETCATALOG_COMPILER_GLOBAL_ACCENT_COLOR_NAME = AccentColor;
				CODE_SIGN_ENTITLEMENTS = Cheerify/Cheerify.entitlements;
				CODE_SIGN_STYLE = Automatic;
				CURRENT_PROJECT_VERSION = 1;
				DEVELOPMENT_ASSET_PATHS = "\"Cheerify/Preview Content\"";
				DEVELOPMENT_TEAM = JU6K3J62Y7;
				ENABLE_PREVIEWS = YES;
				GENERATE_INFOPLIST_FILE = YES;
				INFOPLIST_FILE = Cheerify/Info.plist;
				INFOPLIST_KEY_NSCameraUsageDescription = "";
				INFOPLIST_KEY_UIApplicationSceneManifest_Generation = YES;
				INFOPLIST_KEY_UIApplicationSupportsIndirectInputEvents = YES;
				INFOPLIST_KEY_UILaunchScreen_Generation = YES;
				INFOPLIST_KEY_UISupportedInterfaceOrientations_iPad = "UIInterfaceOrientationPortrait UIInterfaceOrientationPortraitUpsideDown UIInterfaceOrientationLandscapeLeft UIInterfaceOrientationLandscapeRight";
				INFOPLIST_KEY_UISupportedInterfaceOrientations_iPhone = "UIInterfaceOrientationPortrait UIInterfaceOrientationLandscapeLeft UIInterfaceOrientationLandscapeRight";
				IPHONEOS_DEPLOYMENT_TARGET = 17.6;
				LD_RUNPATH_SEARCH_PATHS = (
					"$(inherited)",
					"@executable_path/Frameworks",
				);
				MARKETING_VERSION = 1.0;
				PRODUCT_BUNDLE_IDENTIFIER = au.edu.utss.Cheerify;
				PRODUCT_NAME = "$(TARGET_NAME)";
				SWIFT_EMIT_LOC_STRINGS = YES;
				SWIFT_VERSION = 5.0;
				TARGETED_DEVICE_FAMILY = "1,2";
			};
			name = Debug;
		};
		CBA860152CBF5D8800842017 /* Release */ = {
			isa = XCBuildConfiguration;
			buildSettings = {
				ASSETCATALOG_COMPILER_APPICON_NAME = AppIcon;
				ASSETCATALOG_COMPILER_GLOBAL_ACCENT_COLOR_NAME = AccentColor;
				CODE_SIGN_ENTITLEMENTS = Cheerify/Cheerify.entitlements;
				CODE_SIGN_STYLE = Automatic;
				CURRENT_PROJECT_VERSION = 1;
				DEVELOPMENT_ASSET_PATHS = "\"Cheerify/Preview Content\"";
				DEVELOPMENT_TEAM = JU6K3J62Y7;
				ENABLE_PREVIEWS = YES;
				GENERATE_INFOPLIST_FILE = YES;
				INFOPLIST_FILE = Cheerify/Info.plist;
				INFOPLIST_KEY_NSCameraUsageDescription = "";
				INFOPLIST_KEY_UIApplicationSceneManifest_Generation = YES;
				INFOPLIST_KEY_UIApplicationSupportsIndirectInputEvents = YES;
				INFOPLIST_KEY_UILaunchScreen_Generation = YES;
				INFOPLIST_KEY_UISupportedInterfaceOrientations_iPad = "UIInterfaceOrientationPortrait UIInterfaceOrientationPortraitUpsideDown UIInterfaceOrientationLandscapeLeft UIInterfaceOrientationLandscapeRight";
				INFOPLIST_KEY_UISupportedInterfaceOrientations_iPhone = "UIInterfaceOrientationPortrait UIInterfaceOrientationLandscapeLeft UIInterfaceOrientationLandscapeRight";
				IPHONEOS_DEPLOYMENT_TARGET = 17.6;
				LD_RUNPATH_SEARCH_PATHS = (
					"$(inherited)",
					"@executable_path/Frameworks",
				);
				MARKETING_VERSION = 1.0;
				PRODUCT_BUNDLE_IDENTIFIER = au.edu.utss.Cheerify;
				PRODUCT_NAME = "$(TARGET_NAME)";
				SWIFT_EMIT_LOC_STRINGS = YES;
				SWIFT_VERSION = 5.0;
				TARGETED_DEVICE_FAMILY = "1,2";
			};
			name = Release;
		};
/* End XCBuildConfiguration section */

/* Begin XCConfigurationList section */
		4933F6832CCE451100CD509F /* Build configuration list for PBXNativeTarget "MoodDisplayWidgetExtension" */ = {
			isa = XCConfigurationList;
			buildConfigurations = (
				4933F6842CCE451100CD509F /* Debug */,
				4933F6852CCE451100CD509F /* Release */,
			);
			defaultConfigurationIsVisible = 0;
			defaultConfigurationName = Release;
		};
		CBA860002CBF5D8700842017 /* Build configuration list for PBXProject "Cheerify" */ = {
			isa = XCConfigurationList;
			buildConfigurations = (
				CBA860112CBF5D8800842017 /* Debug */,
				CBA860122CBF5D8800842017 /* Release */,
			);
			defaultConfigurationIsVisible = 0;
			defaultConfigurationName = Release;
		};
		CBA860132CBF5D8800842017 /* Build configuration list for PBXNativeTarget "Cheerify" */ = {
			isa = XCConfigurationList;
			buildConfigurations = (
				CBA860142CBF5D8800842017 /* Debug */,
				CBA860152CBF5D8800842017 /* Release */,
			);
			defaultConfigurationIsVisible = 0;
			defaultConfigurationName = Release;
		};
/* End XCConfigurationList section */

/* Begin XCRemoteSwiftPackageReference section */
		CB61DA862CC51D3F004B5FF2 /* XCRemoteSwiftPackageReference "firebase-ios-sdk" */ = {
			isa = XCRemoteSwiftPackageReference;
			repositoryURL = "https://github.com/firebase/firebase-ios-sdk";
			requirement = {
				kind = upToNextMajorVersion;
				minimumVersion = 11.3.0;
			};
		};
		CBC8B3BD2CCA661100FA56C6 /* XCRemoteSwiftPackageReference "lottie-ios" */ = {
			isa = XCRemoteSwiftPackageReference;
			repositoryURL = "https://github.com/airbnb/lottie-ios";
			requirement = {
				kind = upToNextMajorVersion;
				minimumVersion = 4.5.0;
			};
		};
/* End XCRemoteSwiftPackageReference section */

/* Begin XCSwiftPackageProductDependency section */
		CB61DA872CC51D3F004B5FF2 /* FirebaseAuth */ = {
			isa = XCSwiftPackageProductDependency;
			package = CB61DA862CC51D3F004B5FF2 /* XCRemoteSwiftPackageReference "firebase-ios-sdk" */;
			productName = FirebaseAuth;
		};
		CB61DA892CC51D3F004B5FF2 /* FirebaseFirestore */ = {
			isa = XCSwiftPackageProductDependency;
			package = CB61DA862CC51D3F004B5FF2 /* XCRemoteSwiftPackageReference "firebase-ios-sdk" */;
			productName = FirebaseFirestore;
		};
		CBC8B3BE2CCA661100FA56C6 /* Lottie */ = {
			isa = XCSwiftPackageProductDependency;
			package = CBC8B3BD2CCA661100FA56C6 /* XCRemoteSwiftPackageReference "lottie-ios" */;
			productName = Lottie;
		};
/* End XCSwiftPackageProductDependency section */
	};
	rootObject = CBA85FFD2CBF5D8700842017 /* Project object */;
}
